// !$*UTF8*$!
{
	archiveVersion = 1;
	classes = {
	};
	objectVersion = 50;
	objects = {

/* Begin PBXBuildFile section */
		DB15598B212E7EFD00F14FA7 /* AppDelegate.swift in Sources */ = {isa = PBXBuildFile; fileRef = DB15598A212E7EFD00F14FA7 /* AppDelegate.swift */; };
		DB15598D212E7EFD00F14FA7 /* ViewController.swift in Sources */ = {isa = PBXBuildFile; fileRef = DB15598C212E7EFD00F14FA7 /* ViewController.swift */; };
		DB155990212E7EFD00F14FA7 /* Main.storyboard in Resources */ = {isa = PBXBuildFile; fileRef = DB15598E212E7EFD00F14FA7 /* Main.storyboard */; };
		DB155992212E7EFF00F14FA7 /* Assets.xcassets in Resources */ = {isa = PBXBuildFile; fileRef = DB155991212E7EFF00F14FA7 /* Assets.xcassets */; };
		DB155995212E7EFF00F14FA7 /* LaunchScreen.storyboard in Resources */ = {isa = PBXBuildFile; fileRef = DB155993212E7EFF00F14FA7 /* LaunchScreen.storyboard */; };
		DB1559A0212E7EFF00F14FA7 /* FilmazeTests.swift in Sources */ = {isa = PBXBuildFile; fileRef = DB15599F212E7EFF00F14FA7 /* FilmazeTests.swift */; };
		DB1559AB212E7EFF00F14FA7 /* FilmazeUITests.swift in Sources */ = {isa = PBXBuildFile; fileRef = DB1559AA212E7EFF00F14FA7 /* FilmazeUITests.swift */; };
		DBB1F9B72136947C009E9295 /* Images.xcassets in Resources */ = {isa = PBXBuildFile; fileRef = DBB1F9B62136947C009E9295 /* Images.xcassets */; };
/* End PBXBuildFile section */

/* Begin PBXContainerItemProxy section */
		DB15599C212E7EFF00F14FA7 /* PBXContainerItemProxy */ = {
			isa = PBXContainerItemProxy;
			containerPortal = DB15597F212E7EFD00F14FA7 /* Project object */;
			proxyType = 1;
			remoteGlobalIDString = DB155986212E7EFD00F14FA7;
			remoteInfo = Filmaze;
		};
		DB1559A7212E7EFF00F14FA7 /* PBXContainerItemProxy */ = {
			isa = PBXContainerItemProxy;
			containerPortal = DB15597F212E7EFD00F14FA7 /* Project object */;
			proxyType = 1;
			remoteGlobalIDString = DB155986212E7EFD00F14FA7;
			remoteInfo = Filmaze;
		};
/* End PBXContainerItemProxy section */

/* Begin PBXFileReference section */
		DB155987212E7EFD00F14FA7 /* Filmaze.app */ = {isa = PBXFileReference; explicitFileType = wrapper.application; includeInIndex = 0; path = Filmaze.app; sourceTree = BUILT_PRODUCTS_DIR; };
		DB15598A212E7EFD00F14FA7 /* AppDelegate.swift */ = {isa = PBXFileReference; lastKnownFileType = sourcecode.swift; path = AppDelegate.swift; sourceTree = "<group>"; };
		DB15598C212E7EFD00F14FA7 /* ViewController.swift */ = {isa = PBXFileReference; lastKnownFileType = sourcecode.swift; path = ViewController.swift; sourceTree = "<group>"; };
		DB15598F212E7EFD00F14FA7 /* Base */ = {isa = PBXFileReference; lastKnownFileType = file.storyboard; name = Base; path = Base.lproj/Main.storyboard; sourceTree = "<group>"; };
		DB155991212E7EFF00F14FA7 /* Assets.xcassets */ = {isa = PBXFileReference; lastKnownFileType = folder.assetcatalog; path = Assets.xcassets; sourceTree = "<group>"; };
		DB155994212E7EFF00F14FA7 /* Base */ = {isa = PBXFileReference; lastKnownFileType = file.storyboard; name = Base; path = Base.lproj/LaunchScreen.storyboard; sourceTree = "<group>"; };
		DB155996212E7EFF00F14FA7 /* Info.plist */ = {isa = PBXFileReference; lastKnownFileType = text.plist.xml; path = Info.plist; sourceTree = "<group>"; };
		DB15599B212E7EFF00F14FA7 /* FilmazeTests.xctest */ = {isa = PBXFileReference; explicitFileType = wrapper.cfbundle; includeInIndex = 0; path = FilmazeTests.xctest; sourceTree = BUILT_PRODUCTS_DIR; };
		DB15599F212E7EFF00F14FA7 /* FilmazeTests.swift */ = {isa = PBXFileReference; lastKnownFileType = sourcecode.swift; path = FilmazeTests.swift; sourceTree = "<group>"; };
		DB1559A1212E7EFF00F14FA7 /* Info.plist */ = {isa = PBXFileReference; lastKnownFileType = text.plist.xml; path = Info.plist; sourceTree = "<group>"; };
		DB1559A6212E7EFF00F14FA7 /* FilmazeUITests.xctest */ = {isa = PBXFileReference; explicitFileType = wrapper.cfbundle; includeInIndex = 0; path = FilmazeUITests.xctest; sourceTree = BUILT_PRODUCTS_DIR; };
		DB1559AA212E7EFF00F14FA7 /* FilmazeUITests.swift */ = {isa = PBXFileReference; lastKnownFileType = sourcecode.swift; path = FilmazeUITests.swift; sourceTree = "<group>"; };
		DB1559AC212E7EFF00F14FA7 /* Info.plist */ = {isa = PBXFileReference; lastKnownFileType = text.plist.xml; path = Info.plist; sourceTree = "<group>"; };
		DBB1F9B62136947C009E9295 /* Images.xcassets */ = {isa = PBXFileReference; lastKnownFileType = folder.assetcatalog; path = Images.xcassets; sourceTree = "<group>"; };
/* End PBXFileReference section */

/* Begin PBXFrameworksBuildPhase section */
		DB155984212E7EFD00F14FA7 /* Frameworks */ = {
			isa = PBXFrameworksBuildPhase;
			buildActionMask = 2147483647;
			files = (
			);
			runOnlyForDeploymentPostprocessing = 0;
		};
		DB155998212E7EFF00F14FA7 /* Frameworks */ = {
			isa = PBXFrameworksBuildPhase;
			buildActionMask = 2147483647;
			files = (
			);
			runOnlyForDeploymentPostprocessing = 0;
		};
		DB1559A3212E7EFF00F14FA7 /* Frameworks */ = {
			isa = PBXFrameworksBuildPhase;
			buildActionMask = 2147483647;
			files = (
			);
			runOnlyForDeploymentPostprocessing = 0;
		};
/* End PBXFrameworksBuildPhase section */

/* Begin PBXGroup section */
		DB15597E212E7EFD00F14FA7 = {
			isa = PBXGroup;
			children = (
				DB155989212E7EFD00F14FA7 /* Filmaze */,
				DB15599E212E7EFF00F14FA7 /* FilmazeTests */,
				DB1559A9212E7EFF00F14FA7 /* FilmazeUITests */,
				DB155988212E7EFD00F14FA7 /* Products */,
			);
			sourceTree = "<group>";
		};
		DB155988212E7EFD00F14FA7 /* Products */ = {
			isa = PBXGroup;
			children = (
				DB155987212E7EFD00F14FA7 /* Filmaze.app */,
				DB15599B212E7EFF00F14FA7 /* FilmazeTests.xctest */,
				DB1559A6212E7EFF00F14FA7 /* FilmazeUITests.xctest */,
			);
			name = Products;
			sourceTree = "<group>";
		};
		DB155989212E7EFD00F14FA7 /* Filmaze */ = {
			isa = PBXGroup;
			children = (
				DB15598A212E7EFD00F14FA7 /* AppDelegate.swift */,
				DB15598C212E7EFD00F14FA7 /* ViewController.swift */,
				DB15598E212E7EFD00F14FA7 /* Main.storyboard */,
				DB155991212E7EFF00F14FA7 /* Assets.xcassets */,
				DBB1F9B62136947C009E9295 /* Images.xcassets */,
				DB155993212E7EFF00F14FA7 /* LaunchScreen.storyboard */,
				DB155996212E7EFF00F14FA7 /* Info.plist */,
			);
			path = Filmaze;
			sourceTree = "<group>";
		};
		DB15599E212E7EFF00F14FA7 /* FilmazeTests */ = {
			isa = PBXGroup;
			children = (
				DB15599F212E7EFF00F14FA7 /* FilmazeTests.swift */,
				DB1559A1212E7EFF00F14FA7 /* Info.plist */,
			);
			path = FilmazeTests;
			sourceTree = "<group>";
		};
		DB1559A9212E7EFF00F14FA7 /* FilmazeUITests */ = {
			isa = PBXGroup;
			children = (
				DB1559AA212E7EFF00F14FA7 /* FilmazeUITests.swift */,
				DB1559AC212E7EFF00F14FA7 /* Info.plist */,
			);
			path = FilmazeUITests;
			sourceTree = "<group>";
		};
/* End PBXGroup section */

/* Begin PBXNativeTarget section */
		DB155986212E7EFD00F14FA7 /* Filmaze */ = {
			isa = PBXNativeTarget;
			buildConfigurationList = DB1559AF212E7EFF00F14FA7 /* Build configuration list for PBXNativeTarget "Filmaze" */;
			buildPhases = (
				DB155983212E7EFD00F14FA7 /* Sources */,
				DB155984212E7EFD00F14FA7 /* Frameworks */,
				DB155985212E7EFD00F14FA7 /* Resources */,
			);
			buildRules = (
			);
			dependencies = (
			);
			name = Filmaze;
			productName = Filmaze;
			productReference = DB155987212E7EFD00F14FA7 /* Filmaze.app */;
			productType = "com.apple.product-type.application";
		};
		DB15599A212E7EFF00F14FA7 /* FilmazeTests */ = {
			isa = PBXNativeTarget;
			buildConfigurationList = DB1559B2212E7EFF00F14FA7 /* Build configuration list for PBXNativeTarget "FilmazeTests" */;
			buildPhases = (
				DB155997212E7EFF00F14FA7 /* Sources */,
				DB155998212E7EFF00F14FA7 /* Frameworks */,
				DB155999212E7EFF00F14FA7 /* Resources */,
			);
			buildRules = (
			);
			dependencies = (
				DB15599D212E7EFF00F14FA7 /* PBXTargetDependency */,
			);
			name = FilmazeTests;
			productName = FilmazeTests;
			productReference = DB15599B212E7EFF00F14FA7 /* FilmazeTests.xctest */;
			productType = "com.apple.product-type.bundle.unit-test";
		};
		DB1559A5212E7EFF00F14FA7 /* FilmazeUITests */ = {
			isa = PBXNativeTarget;
			buildConfigurationList = DB1559B5212E7EFF00F14FA7 /* Build configuration list for PBXNativeTarget "FilmazeUITests" */;
			buildPhases = (
				DB1559A2212E7EFF00F14FA7 /* Sources */,
				DB1559A3212E7EFF00F14FA7 /* Frameworks */,
				DB1559A4212E7EFF00F14FA7 /* Resources */,
			);
			buildRules = (
			);
			dependencies = (
				DB1559A8212E7EFF00F14FA7 /* PBXTargetDependency */,
			);
			name = FilmazeUITests;
			productName = FilmazeUITests;
			productReference = DB1559A6212E7EFF00F14FA7 /* FilmazeUITests.xctest */;
			productType = "com.apple.product-type.bundle.ui-testing";
		};
/* End PBXNativeTarget section */

/* Begin PBXProject section */
		DB15597F212E7EFD00F14FA7 /* Project object */ = {
			isa = PBXProject;
			attributes = {
				LastSwiftUpdateCheck = 0940;
				LastUpgradeCheck = 0940;
				ORGANIZATIONNAME = Banarum;
				TargetAttributes = {
					DB155986212E7EFD00F14FA7 = {
						CreatedOnToolsVersion = 9.4.1;
					};
					DB15599A212E7EFF00F14FA7 = {
						CreatedOnToolsVersion = 9.4.1;
						TestTargetID = DB155986212E7EFD00F14FA7;
					};
					DB1559A5212E7EFF00F14FA7 = {
						CreatedOnToolsVersion = 9.4.1;
						TestTargetID = DB155986212E7EFD00F14FA7;
					};
				};
			};
			buildConfigurationList = DB155982212E7EFD00F14FA7 /* Build configuration list for PBXProject "Filmaze" */;
			compatibilityVersion = "Xcode 9.3";
			developmentRegion = en;
			hasScannedForEncodings = 0;
			knownRegions = (
				en,
				Base,
			);
			mainGroup = DB15597E212E7EFD00F14FA7;
			productRefGroup = DB155988212E7EFD00F14FA7 /* Products */;
			projectDirPath = "";
			projectRoot = "";
			targets = (
				DB155986212E7EFD00F14FA7 /* Filmaze */,
				DB15599A212E7EFF00F14FA7 /* FilmazeTests */,
				DB1559A5212E7EFF00F14FA7 /* FilmazeUITests */,
			);
		};
/* End PBXProject section */

/* Begin PBXResourcesBuildPhase section */
		DB155985212E7EFD00F14FA7 /* Resources */ = {
			isa = PBXResourcesBuildPhase;
			buildActionMask = 2147483647;
			files = (
				DB155995212E7EFF00F14FA7 /* LaunchScreen.storyboard in Resources */,
				DBB1F9B72136947C009E9295 /* Images.xcassets in Resources */,
				DB155992212E7EFF00F14FA7 /* Assets.xcassets in Resources */,
				DB155990212E7EFD00F14FA7 /* Main.storyboard in Resources */,
			);
			runOnlyForDeploymentPostprocessing = 0;
		};
		DB155999212E7EFF00F14FA7 /* Resources */ = {
			isa = PBXResourcesBuildPhase;
			buildActionMask = 2147483647;
			files = (
			);
			runOnlyForDeploymentPostprocessing = 0;
		};
		DB1559A4212E7EFF00F14FA7 /* Resources */ = {
			isa = PBXResourcesBuildPhase;
			buildActionMask = 2147483647;
			files = (
			);
			runOnlyForDeploymentPostprocessing = 0;
		};
/* End PBXResourcesBuildPhase section */

/* Begin PBXSourcesBuildPhase section */
		DB155983212E7EFD00F14FA7 /* Sources */ = {
			isa = PBXSourcesBuildPhase;
			buildActionMask = 2147483647;
			files = (
				DB15598D212E7EFD00F14FA7 /* ViewController.swift in Sources */,
				DB15598B212E7EFD00F14FA7 /* AppDelegate.swift in Sources */,
			);
			runOnlyForDeploymentPostprocessing = 0;
		};
		DB155997212E7EFF00F14FA7 /* Sources */ = {
			isa = PBXSourcesBuildPhase;
			buildActionMask = 2147483647;
			files = (
				DB1559A0212E7EFF00F14FA7 /* FilmazeTests.swift in Sources */,
			);
			runOnlyForDeploymentPostprocessing = 0;
		};
		DB1559A2212E7EFF00F14FA7 /* Sources */ = {
			isa = PBXSourcesBuildPhase;
			buildActionMask = 2147483647;
			files = (
				DB1559AB212E7EFF00F14FA7 /* FilmazeUITests.swift in Sources */,
			);
			runOnlyForDeploymentPostprocessing = 0;
		};
/* End PBXSourcesBuildPhase section */

/* Begin PBXTargetDependency section */
		DB15599D212E7EFF00F14FA7 /* PBXTargetDependency */ = {
			isa = PBXTargetDependency;
			target = DB155986212E7EFD00F14FA7 /* Filmaze */;
			targetProxy = DB15599C212E7EFF00F14FA7 /* PBXContainerItemProxy */;
		};
		DB1559A8212E7EFF00F14FA7 /* PBXTargetDependency */ = {
			isa = PBXTargetDependency;
			target = DB155986212E7EFD00F14FA7 /* Filmaze */;
			targetProxy = DB1559A7212E7EFF00F14FA7 /* PBXContainerItemProxy */;
		};
/* End PBXTargetDependency section */

/* Begin PBXVariantGroup section */
		DB15598E212E7EFD00F14FA7 /* Main.storyboard */ = {
			isa = PBXVariantGroup;
			children = (
				DB15598F212E7EFD00F14FA7 /* Base */,
			);
			name = Main.storyboard;
			sourceTree = "<group>";
		};
		DB155993212E7EFF00F14FA7 /* LaunchScreen.storyboard */ = {
			isa = PBXVariantGroup;
			children = (
				DB155994212E7EFF00F14FA7 /* Base */,
			);
			name = LaunchScreen.storyboard;
			sourceTree = "<group>";
		};
/* End PBXVariantGroup section */

/* Begin XCBuildConfiguration section */
		DB1559AD212E7EFF00F14FA7 /* Debug */ = {
			isa = XCBuildConfiguration;
			buildSettings = {
				ALWAYS_SEARCH_USER_PATHS = NO;
				CLANG_ANALYZER_NONNULL = YES;
				CLANG_ANALYZER_NUMBER_OBJECT_CONVERSION = YES_AGGRESSIVE;
				CLANG_CXX_LANGUAGE_STANDARD = "gnu++14";
				CLANG_CXX_LIBRARY = "libc++";
				CLANG_ENABLE_MODULES = YES;
				CLANG_ENABLE_OBJC_ARC = YES;
				CLANG_ENABLE_OBJC_WEAK = YES;
				CLANG_WARN_BLOCK_CAPTURE_AUTORELEASING = YES;
				CLANG_WARN_BOOL_CONVERSION = YES;
				CLANG_WARN_COMMA = YES;
				CLANG_WARN_CONSTANT_CONVERSION = YES;
				CLANG_WARN_DEPRECATED_OBJC_IMPLEMENTATIONS = YES;
				CLANG_WARN_DIRECT_OBJC_ISA_USAGE = YES_ERROR;
				CLANG_WARN_DOCUMENTATION_COMMENTS = YES;
				CLANG_WARN_EMPTY_BODY = YES;
				CLANG_WARN_ENUM_CONVERSION = YES;
				CLANG_WARN_INFINITE_RECURSION = YES;
				CLANG_WARN_INT_CONVERSION = YES;
				CLANG_WARN_NON_LITERAL_NULL_CONVERSION = YES;
				CLANG_WARN_OBJC_IMPLICIT_RETAIN_SELF = YES;
				CLANG_WARN_OBJC_LITERAL_CONVERSION = YES;
				CLANG_WARN_OBJC_ROOT_CLASS = YES_ERROR;
				CLANG_WARN_RANGE_LOOP_ANALYSIS = YES;
				CLANG_WARN_STRICT_PROTOTYPES = YES;
				CLANG_WARN_SUSPICIOUS_MOVE = YES;
				CLANG_WARN_UNGUARDED_AVAILABILITY = YES_AGGRESSIVE;
				CLANG_WARN_UNREACHABLE_CODE = YES;
				CLANG_WARN__DUPLICATE_METHOD_MATCH = YES;
				CODE_SIGN_IDENTITY = "iPhone Developer";
				COPY_PHASE_STRIP = NO;
				DEBUG_INFORMATION_FORMAT = dwarf;
				ENABLE_STRICT_OBJC_MSGSEND = YES;
				ENABLE_TESTABILITY = YES;
				GCC_C_LANGUAGE_STANDARD = gnu11;
				GCC_DYNAMIC_NO_PIC = NO;
				GCC_NO_COMMON_BLOCKS = YES;
				GCC_OPTIMIZATION_LEVEL = 0;
				GCC_PREPROCESSOR_DEFINITIONS = (
					"DEBUG=1",
					"$(inherited)",
				);
				GCC_WARN_64_TO_32_BIT_CONVERSION = YES;
				GCC_WARN_ABOUT_RETURN_TYPE = YES_ERROR;
				GCC_WARN_UNDECLARED_SELECTOR = YES;
				GCC_WARN_UNINITIALIZED_AUTOS = YES_AGGRESSIVE;
				GCC_WARN_UNUSED_FUNCTION = YES;
				GCC_WARN_UNUSED_VARIABLE = YES;
				IPHONEOS_DEPLOYMENT_TARGET = 11.4;
				MTL_ENABLE_DEBUG_INFO = YES;
				ONLY_ACTIVE_ARCH = YES;
				SDKROOT = iphoneos;
				SWIFT_ACTIVE_COMPILATION_CONDITIONS = DEBUG;
				SWIFT_OPTIMIZATION_LEVEL = "-Onone";
			};
			name = Debug;
		};
		DB1559AE212E7EFF00F14FA7 /* Release */ = {
			isa = XCBuildConfiguration;
			buildSettings = {
				ALWAYS_SEARCH_USER_PATHS = NO;
				CLANG_ANALYZER_NONNULL = YES;
				CLANG_ANALYZER_NUMBER_OBJECT_CONVERSION = YES_AGGRESSIVE;
				CLANG_CXX_LANGUAGE_STANDARD = "gnu++14";
				CLANG_CXX_LIBRARY = "libc++";
				CLANG_ENABLE_MODULES = YES;
				CLANG_ENABLE_OBJC_ARC = YES;
				CLANG_ENABLE_OBJC_WEAK = YES;
				CLANG_WARN_BLOCK_CAPTURE_AUTORELEASING = YES;
				CLANG_WARN_BOOL_CONVERSION = YES;
				CLANG_WARN_COMMA = YES;
				CLANG_WARN_CONSTANT_CONVERSION = YES;
				CLANG_WARN_DEPRECATED_OBJC_IMPLEMENTATIONS = YES;
				CLANG_WARN_DIRECT_OBJC_ISA_USAGE = YES_ERROR;
				CLANG_WARN_DOCUMENTATION_COMMENTS = YES;
				CLANG_WARN_EMPTY_BODY = YES;
				CLANG_WARN_ENUM_CONVERSION = YES;
				CLANG_WARN_INFINITE_RECURSION = YES;
				CLANG_WARN_INT_CONVERSION = YES;
				CLANG_WARN_NON_LITERAL_NULL_CONVERSION = YES;
				CLANG_WARN_OBJC_IMPLICIT_RETAIN_SELF = YES;
				CLANG_WARN_OBJC_LITERAL_CONVERSION = YES;
				CLANG_WARN_OBJC_ROOT_CLASS = YES_ERROR;
				CLANG_WARN_RANGE_LOOP_ANALYSIS = YES;
				CLANG_WARN_STRICT_PROTOTYPES = YES;
				CLANG_WARN_SUSPICIOUS_MOVE = YES;
				CLANG_WARN_UNGUARDED_AVAILABILITY = YES_AGGRESSIVE;
				CLANG_WARN_UNREACHABLE_CODE = YES;
				CLANG_WARN__DUPLICATE_METHOD_MATCH = YES;
				CODE_SIGN_IDENTITY = "iPhone Developer";
				COPY_PHASE_STRIP = NO;
				DEBUG_INFORMATION_FORMAT = "dwarf-with-dsym";
				ENABLE_NS_ASSERTIONS = NO;
				ENABLE_STRICT_OBJC_MSGSEND = YES;
				GCC_C_LANGUAGE_STANDARD = gnu11;
				GCC_NO_COMMON_BLOCKS = YES;
				GCC_WARN_64_TO_32_BIT_CONVERSION = YES;
				GCC_WARN_ABOUT_RETURN_TYPE = YES_ERROR;
				GCC_WARN_UNDECLARED_SELECTOR = YES;
				GCC_WARN_UNINITIALIZED_AUTOS = YES_AGGRESSIVE;
				GCC_WARN_UNUSED_FUNCTION = YES;
				GCC_WARN_UNUSED_VARIABLE = YES;
				IPHONEOS_DEPLOYMENT_TARGET = 11.4;
				MTL_ENABLE_DEBUG_INFO = NO;
				SDKROOT = iphoneos;
				SWIFT_COMPILATION_MODE = wholemodule;
				SWIFT_OPTIMIZATION_LEVEL = "-O";
				VALIDATE_PRODUCT = YES;
			};
			name = Release;
		};
		DB1559B0212E7EFF00F14FA7 /* Debug */ = {
			isa = XCBuildConfiguration;
			buildSettings = {
				ASSETCATALOG_COMPILER_APPICON_NAME = AppIcon;
				CODE_SIGN_STYLE = Automatic;
				DEVELOPMENT_TEAM = S94WAU9AT4;
				INFOPLIST_FILE = Filmaze/Info.plist;
				LD_RUNPATH_SEARCH_PATHS = (
					"$(inherited)",
					"@executable_path/Frameworks",
				);
				PRODUCT_BUNDLE_IDENTIFIER = com.banarum.filmaze;
				PRODUCT_NAME = "$(TARGET_NAME)";
				SWIFT_VERSION = 4.0;
				TARGETED_DEVICE_FAMILY = "1,2";
			};
			name = Debug;
		};
		DB1559B1212E7EFF00F14FA7 /* Release */ = {
			isa = XCBuildConfiguration;
			buildSettings = {
				ASSETCATALOG_COMPILER_APPICON_NAME = AppIcon;
				CODE_SIGN_STYLE = Automatic;
				DEVELOPMENT_TEAM = S94WAU9AT4;
				INFOPLIST_FILE = Filmaze/Info.plist;
				LD_RUNPATH_SEARCH_PATHS = (
					"$(inherited)",
					"@executable_path/Frameworks",
				);
				PRODUCT_BUNDLE_IDENTIFIER = com.banarum.filmaze;
				PRODUCT_NAME = "$(TARGET_NAME)";
				SWIFT_VERSION = 4.0;
				TARGETED_DEVICE_FAMILY = "1,2";
			};
			name = Release;
		};
		DB1559B3212E7EFF00F14FA7 /* Debug */ = {
			isa = XCBuildConfiguration;
			buildSettings = {
				ALWAYS_EMBED_SWIFT_STANDARD_LIBRARIES = YES;
				BUNDLE_LOADER = "$(TEST_HOST)";
				CODE_SIGN_STYLE = Automatic;
				DEVELOPMENT_TEAM = S94WAU9AT4;
				INFOPLIST_FILE = FilmazeTests/Info.plist;
				LD_RUNPATH_SEARCH_PATHS = (
					"$(inherited)",
					"@executable_path/Frameworks",
					"@loader_path/Frameworks",
				);
				PRODUCT_BUNDLE_IDENTIFIER = com.banarum.filmaze.FilmazeTests;
				PRODUCT_NAME = "$(TARGET_NAME)";
				SWIFT_VERSION = 4.0;
				TARGETED_DEVICE_FAMILY = "1,2";
				TEST_HOST = "$(BUILT_PRODUCTS_DIR)/Filmaze.app/Filmaze";
			};
			name = Debug;
		};
		DB1559B4212E7EFF00F14FA7 /* Release */ = {
			isa = XCBuildConfiguration;
			buildSettings = {
				ALWAYS_EMBED_SWIFT_STANDARD_LIBRARIES = YES;
				BUNDLE_LOADER = "$(TEST_HOST)";
				CODE_SIGN_STYLE = Automatic;
				DEVELOPMENT_TEAM = S94WAU9AT4;
				INFOPLIST_FILE = FilmazeTests/Info.plist;
				LD_RUNPATH_SEARCH_PATHS = (
					"$(inherited)",
					"@executable_path/Frameworks",
					"@loader_path/Frameworks",
				);
				PRODUCT_BUNDLE_IDENTIFIER = com.banarum.filmaze.FilmazeTests;
				PRODUCT_NAME = "$(TARGET_NAME)";
				SWIFT_VERSION = 4.0;
				TARGETED_DEVICE_FAMILY = "1,2";
				TEST_HOST = "$(BUILT_PRODUCTS_DIR)/Filmaze.app/Filmaze";
			};
			name = Release;
		};
		DB1559B6212E7EFF00F14FA7 /* Debug */ = {
			isa = XCBuildConfiguration;
			buildSettings = {
				ALWAYS_EMBED_SWIFT_STANDARD_LIBRARIES = YES;
				CODE_SIGN_STYLE = Automatic;
				DEVELOPMENT_TEAM = S94WAU9AT4;
				INFOPLIST_FILE = FilmazeUITests/Info.plist;
				LD_RUNPATH_SEARCH_PATHS = (
					"$(inherited)",
					"@executable_path/Frameworks",
					"@loader_path/Frameworks",
				);
				PRODUCT_BUNDLE_IDENTIFIER = com.banarum.filmaze.FilmazeUITests;
				PRODUCT_NAME = "$(TARGET_NAME)";
				SWIFT_VERSION = 4.0;
				TARGETED_DEVICE_FAMILY = "1,2";
				TEST_TARGET_NAME = Filmaze;
			};
			name = Debug;
		};
		DB1559B7212E7EFF00F14FA7 /* Release */ = {
			isa = XCBuildConfiguration;
			buildSettings = {
				ALWAYS_EMBED_SWIFT_STANDARD_LIBRARIES = YES;
				CODE_SIGN_STYLE = Automatic;
				DEVELOPMENT_TEAM = S94WAU9AT4;
				INFOPLIST_FILE = FilmazeUITests/Info.plist;
				LD_RUNPATH_SEARCH_PATHS = (
					"$(inherited)",
					"@executable_path/Frameworks",
					"@loader_path/Frameworks",
				);
				PRODUCT_BUNDLE_IDENTIFIER = com.banarum.filmaze.FilmazeUITests;
				PRODUCT_NAME = "$(TARGET_NAME)";
				SWIFT_VERSION = 4.0;
				TARGETED_DEVICE_FAMILY = "1,2";
				TEST_TARGET_NAME = Filmaze;
			};
			name = Release;
		};
/* End XCBuildConfiguration section */

/* Begin XCConfigurationList section */
		DB155982212E7EFD00F14FA7 /* Build configuration list for PBXProject "Filmaze" */ = {
			isa = XCConfigurationList;
			buildConfigurations = (
				DB1559AD212E7EFF00F14FA7 /* Debug */,
				DB1559AE212E7EFF00F14FA7 /* Release */,
			);
			defaultConfigurationIsVisible = 0;
			defaultConfigurationName = Release;
		};
		DB1559AF212E7EFF00F14FA7 /* Build configuration list for PBXNativeTarget "Filmaze" */ = {
			isa = XCConfigurationList;
			buildConfigurations = (
				DB1559B0212E7EFF00F14FA7 /* Debug */,
				DB1559B1212E7EFF00F14FA7 /* Release */,
			);
			defaultConfigurationIsVisible = 0;
			defaultConfigurationName = Release;
		};
		DB1559B2212E7EFF00F14FA7 /* Build configuration list for PBXNativeTarget "FilmazeTests" */ = {
			isa = XCConfigurationList;
			buildConfigurations = (
				DB1559B3212E7EFF00F14FA7 /* Debug */,
				DB1559B4212E7EFF00F14FA7 /* Release */,
			);
			defaultConfigurationIsVisible = 0;
			defaultConfigurationName = Release;
		};
		DB1559B5212E7EFF00F14FA7 /* Build configuration list for PBXNativeTarget "FilmazeUITests" */ = {
			isa = XCConfigurationList;
			buildConfigurations = (
				DB1559B6212E7EFF00F14FA7 /* Debug */,
				DB1559B7212E7EFF00F14FA7 /* Release */,
			);
			defaultConfigurationIsVisible = 0;
			defaultConfigurationName = Release;
		};
/* End XCConfigurationList section */
	};
	rootObject = DB15597F212E7EFD00F14FA7 /* Project object */;
}
